
Microsoft Visual Studio Solution File, Format Version 12.00
# Visual Studio 2013
VisualStudioVersion = 12.0.21005.1
MinimumVisualStudioVersion = 10.0.40219.1
Project("{FAE04EC0-301F-11D3-BF4B-00C04F79EFBC}") = "Datos", "Datos\Datos.csproj", "{3DCE2E06-D1DE-4002-AD76-DDD0442112DE}"
EndProject
Project("{FAE04EC0-301F-11D3-BF4B-00C04F79EFBC}") = "Entidad", "Entidad\Entidad.csproj", "{5AB7F732-E5BF-479D-BD77-8A05FAFF044F}"
EndProject
Project("{FAE04EC0-301F-11D3-BF4B-00C04F79EFBC}") = "Negocio", "Negocio\Negocio.csproj", "{7FD48232-E6E6-4CE5-95A0-95DC47F28574}"
EndProject
Project("{FAE04EC0-301F-11D3-BF4B-00C04F79EFBC}") = "WebEjemplo", "WebEjemplo\WebEjemplo.csproj", "{4808FBE9-1EE3-45C7-BEEB-EAB3DE73ACC7}"
EndProject
Global
	GlobalSection(SolutionConfigurationPlatforms) = preSolution
		Debug|Any CPU = Debug|Any CPU
		Release|Any CPU = Release|Any CPU
	EndGlobalSection
	GlobalSection(ProjectConfigurationPlatforms) = postSolution
		{3DCE2E06-D1DE-4002-AD76-DDD0442112DE}.Debug|Any CPU.ActiveCfg = Debug|Any CPU
		{3DCE2E06-D1DE-4002-AD76-DDD0442112DE}.Debug|Any CPU.Build.0 = Debug|Any CPU
		{3DCE2E06-D1DE-4002-AD76-DDD0442112DE}.Release|Any CPU.ActiveCfg = Release|Any CPU
		{3DCE2E06-D1DE-4002-AD76-DDD0442112DE}.Release|Any CPU.Build.0 = Release|Any CPU
		{5AB7F732-E5BF-479D-BD77-8A05FAFF044F}.Debug|Any CPU.ActiveCfg = Debug|Any CPU
		{5AB7F732-E5BF-479D-BD77-8A05FAFF044F}.Debug|Any CPU.Build.0 = Debug|Any CPU
		{5AB7F732-E5BF-479D-BD77-8A05FAFF044F}.Release|Any CPU.ActiveCfg = Release|Any CPU
		{5AB7F732-E5BF-479D-BD77-8A05FAFF044F}.Release|Any CPU.Build.0 = Release|Any CPU
		{7FD48232-E6E6-4CE5-95A0-95DC47F28574}.Debug|Any CPU.ActiveCfg = Debug|Any CPU
		{7FD48232-E6E6-4CE5-95A0-95DC47F28574}.Debug|Any CPU.Build.0 = Debug|Any CPU
		{7FD48232-E6E6-4CE5-95A0-95DC47F28574}.Release|Any CPU.ActiveCfg = Release|Any CPU
		{7FD48232-E6E6-4CE5-95A0-95DC47F28574}.Release|Any CPU.Build.0 = Release|Any CPU
		{4808FBE9-1EE3-45C7-BEEB-EAB3DE73ACC7}.Debug|Any CPU.ActiveCfg = Debug|Any CPU
		{4808FBE9-1EE3-45C7-BEEB-EAB3DE73ACC7}.Debug|Any CPU.Build.0 = Debug|Any CPU
		{4808FBE9-1EE3-45C7-BEEB-EAB3DE73ACC7}.Release|Any CPU.ActiveCfg = Release|Any CPU
		{4808FBE9-1EE3-45C7-BEEB-EAB3DE73ACC7}.Release|Any CPU.Build.0 = Release|Any CPU
	EndGlobalSection
	GlobalSection(SolutionProperties) = preSolution
		HideSolutionNode = FALSE
	EndGlobalSection
EndGlobal
